
Microsoft Visual Studio Solution File, Format Version 12.00
# Visual Studio 15
VisualStudioVersion = 15.0.28010.2048
MinimumVisualStudioVersion = 10.0.40219.1
Project("{FAE04EC0-301F-11D3-BF4B-00C04F79EFBC}") = "IBSapplication", "IBSapplication\IBSapplication.csproj", "{3A551706-C4E4-44C3-A307-66A69A58E35B}"
EndProject
Global
	GlobalSection(SolutionConfigurationPlatforms) = preSolution
		Debug|Any CPU = Debug|Any CPU
		Release|Any CPU = Release|Any CPU
	EndGlobalSection
	GlobalSection(ProjectConfigurationPlatforms) = postSolution
		{3A551706-C4E4-44C3-A307-66A69A58E35B}.Debug|Any CPU.ActiveCfg = Debug|Any CPU
		{3A551706-C4E4-44C3-A307-66A69A58E35B}.Debug|Any CPU.Build.0 = Debug|Any CPU
		{3A551706-C4E4-44C3-A307-66A69A58E35B}.Release|Any CPU.ActiveCfg = Release|Any CPU
		{3A551706-C4E4-44C3-A307-66A69A58E35B}.Release|Any CPU.Build.0 = Release|Any CPU
	EndGlobalSection
	GlobalSection(SolutionProperties) = preSolution
		HideSolutionNode = FALSE
	EndGlobalSection
	GlobalSection(ExtensibilityGlobals) = postSolution
		SolutionGuid = {6B2E092F-77D3-4173-BBC8-F7A3F4B18432}
	EndGlobalSection
EndGlobal
